// !$*UTF8*$!
{
	archiveVersion = 1;
	classes = {
	};
	objectVersion = 46;
	objects = {

/* Begin PBXBuildFile section */
		34C8303FFB3538F6E7AAF651 /* SFTutorialInteractor.m in Sources */ = {isa = PBXBuildFile; fileRef = 8FDE26677D12E5B889573CFD /* SFTutorialInteractor.m */; };
		3976D4EDB0CFCBBEF923434A /* SFTutorialPresenter.m in Sources */ = {isa = PBXBuildFile; fileRef = 80116A4CE66443A8249EA62F /* SFTutorialPresenter.m */; };
		4AEFBB78EC49265DAF69ED35 /* SFTutorialRootRouter.m in Sources */ = {isa = PBXBuildFile; fileRef = BAA92F8F0D1300451C08F4D5 /* SFTutorialRootRouter.m */; };
		4B4D4F17587F379FE0986B4E /* SFTutorialRootAssembly.m in Sources */ = {isa = PBXBuildFile; fileRef = F5C29AC243FCE45D1210DAC2 /* SFTutorialRootAssembly.m */; };
		5513A09AC60EA22F820405B1 /* SFTutorialRootInteractor.m in Sources */ = {isa = PBXBuildFile; fileRef = 7B81751C3D842639DCC91C85 /* SFTutorialRootInteractor.m */; };
		55D1E1D41DAA6C0A00946301 /* SFTutorialPageViewController.m in Sources */ = {isa = PBXBuildFile; fileRef = 55D1E1D31DAA6C0A00946301 /* SFTutorialPageViewController.m */; };
		55D1E1D71DAA6CF900946301 /* SFButton.m in Sources */ = {isa = PBXBuildFile; fileRef = 55D1E1D61DAA6CF900946301 /* SFButton.m */; };
		55FDB5E01DA9800E005FE8D4 /* main.m in Sources */ = {isa = PBXBuildFile; fileRef = 55FDB5DF1DA9800E005FE8D4 /* main.m */; };
		55FDB5E31DA9800E005FE8D4 /* AppDelegate.m in Sources */ = {isa = PBXBuildFile; fileRef = 55FDB5E21DA9800E005FE8D4 /* AppDelegate.m */; };
		55FDB5E91DA9800E005FE8D4 /* Main.storyboard in Resources */ = {isa = PBXBuildFile; fileRef = 55FDB5E71DA9800E005FE8D4 /* Main.storyboard */; };
		55FDB5EB1DA9800E005FE8D4 /* Assets.xcassets in Resources */ = {isa = PBXBuildFile; fileRef = 55FDB5EA1DA9800E005FE8D4 /* Assets.xcassets */; };
		55FDB5EE1DA9800E005FE8D4 /* LaunchScreen.storyboard in Resources */ = {isa = PBXBuildFile; fileRef = 55FDB5EC1DA9800E005FE8D4 /* LaunchScreen.storyboard */; };
		5726FA0A206B5102E7CC2FB2 /* SFTutorialViewController.m in Sources */ = {isa = PBXBuildFile; fileRef = B2B84FE1A0CA0347AD6E6602 /* SFTutorialViewController.m */; };
		63E9DD153BB7FAA538A5AD5D /* libPods-BAViperModules.a in Frameworks */ = {isa = PBXBuildFile; fileRef = 735CF8D68EC67C41EC8B06A1 /* libPods-BAViperModules.a */; };
		C37AD273BF6FEC4879C611A7 /* SFTutorialAssembly.m in Sources */ = {isa = PBXBuildFile; fileRef = A277CCB9F423ABA992EFE624 /* SFTutorialAssembly.m */; };
		D2680C60F90C40D7745F3ED5 /* SFTutorialRootPresenter.m in Sources */ = {isa = PBXBuildFile; fileRef = BF4DD4884CC57E686A8B085B /* SFTutorialRootPresenter.m */; };
		D588F5FD4B3EEFBEF47D8A82 /* SFTutorialRouter.m in Sources */ = {isa = PBXBuildFile; fileRef = 87697AB0E6F95525380806F7 /* SFTutorialRouter.m */; };
		FBD16D39BE11BB666B9E53A3 /* SFTutorialRootViewController.m in Sources */ = {isa = PBXBuildFile; fileRef = BD05BC2CF426D0BD4E68181C /* SFTutorialRootViewController.m */; };
/* End PBXBuildFile section */

/* Begin PBXFileReference section */
		01A1C3D663088A1A3D002D3E /* Pods-BAViperModules.debug.xcconfig */ = {isa = PBXFileReference; includeInIndex = 1; lastKnownFileType = text.xcconfig; name = "Pods-BAViperModules.debug.xcconfig"; path = "Pods/Target Support Files/Pods-BAViperModules/Pods-BAViperModules.debug.xcconfig"; sourceTree = "<group>"; };
		115706124A00FDF28EC75C7A /* SFTutorialInteractorOutput.h */ = {isa = PBXFileReference; includeInIndex = 1; lastKnownFileType = sourcecode.c.h; path = SFTutorialInteractorOutput.h; sourceTree = "<group>"; };
		15E6D9DE816DBC4B1AB44127 /* SFTutorialRootRouterInput.h */ = {isa = PBXFileReference; includeInIndex = 1; lastKnownFileType = sourcecode.c.h; path = SFTutorialRootRouterInput.h; sourceTree = "<group>"; };
		228ED690D8EC1B612F5E95B7 /* SFTutorialRootRouter.h */ = {isa = PBXFileReference; includeInIndex = 1; lastKnownFileType = sourcecode.c.h; path = SFTutorialRootRouter.h; sourceTree = "<group>"; };
		2789F91F740DD8EF42A3F011 /* SFTutorialRootModuleInput.h */ = {isa = PBXFileReference; includeInIndex = 1; lastKnownFileType = sourcecode.c.h; path = SFTutorialRootModuleInput.h; sourceTree = "<group>"; };
		2C672FAB854769F83EECECAC /* SFTutorialInteractor.h */ = {isa = PBXFileReference; includeInIndex = 1; lastKnownFileType = sourcecode.c.h; path = SFTutorialInteractor.h; sourceTree = "<group>"; };
		37132660FB56889129A61DD8 /* SFTutorialViewOutput.h */ = {isa = PBXFileReference; includeInIndex = 1; lastKnownFileType = sourcecode.c.h; path = SFTutorialViewOutput.h; sourceTree = "<group>"; };
		3D74DFB97396A04B10AE4692 /* SFTutorialRouter.h */ = {isa = PBXFileReference; includeInIndex = 1; lastKnownFileType = sourcecode.c.h; path = SFTutorialRouter.h; sourceTree = "<group>"; };
		46C8859D3BEE3D4FC5F6941A /* SFTutorialRouterInput.h */ = {isa = PBXFileReference; includeInIndex = 1; lastKnownFileType = sourcecode.c.h; path = SFTutorialRouterInput.h; sourceTree = "<group>"; };
		4E63989F30D1ABF48AFCB3E0 /* SFTutorialModuleInput.h */ = {isa = PBXFileReference; includeInIndex = 1; lastKnownFileType = sourcecode.c.h; path = SFTutorialModuleInput.h; sourceTree = "<group>"; };
		55BA36491DAA9E610068D274 /* SFTutorialModuleOutput.h */ = {isa = PBXFileReference; fileEncoding = 4; lastKnownFileType = sourcecode.c.h; path = SFTutorialModuleOutput.h; sourceTree = "<group>"; };
		55D1E1D21DAA6C0A00946301 /* SFTutorialPageViewController.h */ = {isa = PBXFileReference; fileEncoding = 4; lastKnownFileType = sourcecode.c.h; path = SFTutorialPageViewController.h; sourceTree = "<group>"; };
		55D1E1D31DAA6C0A00946301 /* SFTutorialPageViewController.m */ = {isa = PBXFileReference; fileEncoding = 4; lastKnownFileType = sourcecode.c.objc; path = SFTutorialPageViewController.m; sourceTree = "<group>"; };
		55D1E1D51DAA6CF900946301 /* SFButton.h */ = {isa = PBXFileReference; fileEncoding = 4; lastKnownFileType = sourcecode.c.h; path = SFButton.h; sourceTree = "<group>"; };
		55D1E1D61DAA6CF900946301 /* SFButton.m */ = {isa = PBXFileReference; fileEncoding = 4; lastKnownFileType = sourcecode.c.objc; path = SFButton.m; sourceTree = "<group>"; };
		55FDB5DB1DA9800E005FE8D4 /* BAViperModules.app */ = {isa = PBXFileReference; explicitFileType = wrapper.application; includeInIndex = 0; path = BAViperModules.app; sourceTree = BUILT_PRODUCTS_DIR; };
		55FDB5DF1DA9800E005FE8D4 /* main.m */ = {isa = PBXFileReference; lastKnownFileType = sourcecode.c.objc; path = main.m; sourceTree = "<group>"; };
		55FDB5E11DA9800E005FE8D4 /* AppDelegate.h */ = {isa = PBXFileReference; lastKnownFileType = sourcecode.c.h; path = AppDelegate.h; sourceTree = "<group>"; };
		55FDB5E21DA9800E005FE8D4 /* AppDelegate.m */ = {isa = PBXFileReference; lastKnownFileType = sourcecode.c.objc; path = AppDelegate.m; sourceTree = "<group>"; };
		55FDB5E81DA9800E005FE8D4 /* Base */ = {isa = PBXFileReference; lastKnownFileType = file.storyboard; name = Base; path = Base.lproj/Main.storyboard; sourceTree = "<group>"; };
		55FDB5EA1DA9800E005FE8D4 /* Assets.xcassets */ = {isa = PBXFileReference; lastKnownFileType = folder.assetcatalog; path = Assets.xcassets; sourceTree = "<group>"; };
		55FDB5ED1DA9800E005FE8D4 /* Base */ = {isa = PBXFileReference; lastKnownFileType = file.storyboard; name = Base; path = Base.lproj/LaunchScreen.storyboard; sourceTree = "<group>"; };
		55FDB5EF1DA9800E005FE8D4 /* Info.plist */ = {isa = PBXFileReference; lastKnownFileType = text.plist.xml; path = Info.plist; sourceTree = "<group>"; };
		56D0A49BABFD09B236EE9991 /* SFTutorialRootViewOutput.h */ = {isa = PBXFileReference; includeInIndex = 1; lastKnownFileType = sourcecode.c.h; path = SFTutorialRootViewOutput.h; sourceTree = "<group>"; };
		596F43CE054475EF76ACFC47 /* SFTutorialPresenter.h */ = {isa = PBXFileReference; includeInIndex = 1; lastKnownFileType = sourcecode.c.h; path = SFTutorialPresenter.h; sourceTree = "<group>"; };
		735CF8D68EC67C41EC8B06A1 /* libPods-BAViperModules.a */ = {isa = PBXFileReference; explicitFileType = archive.ar; includeInIndex = 0; path = "libPods-BAViperModules.a"; sourceTree = BUILT_PRODUCTS_DIR; };
		76B3276195F759F597240D47 /* SFTutorialRootViewController.h */ = {isa = PBXFileReference; includeInIndex = 1; lastKnownFileType = sourcecode.c.h; path = SFTutorialRootViewController.h; sourceTree = "<group>"; };
		77882243B18A69E5C716AF25 /* SFTutorialRootViewInput.h */ = {isa = PBXFileReference; includeInIndex = 1; lastKnownFileType = sourcecode.c.h; path = SFTutorialRootViewInput.h; sourceTree = "<group>"; };
		7B81751C3D842639DCC91C85 /* SFTutorialRootInteractor.m */ = {isa = PBXFileReference; includeInIndex = 1; lastKnownFileType = sourcecode.c.objc; path = SFTutorialRootInteractor.m; sourceTree = "<group>"; };
		80116A4CE66443A8249EA62F /* SFTutorialPresenter.m */ = {isa = PBXFileReference; includeInIndex = 1; lastKnownFileType = sourcecode.c.objc; path = SFTutorialPresenter.m; sourceTree = "<group>"; };
		87697AB0E6F95525380806F7 /* SFTutorialRouter.m */ = {isa = PBXFileReference; includeInIndex = 1; lastKnownFileType = sourcecode.c.objc; path = SFTutorialRouter.m; sourceTree = "<group>"; };
		8F85D5992BEAE953A1C79AFF /* SFTutorialRootPresenter.h */ = {isa = PBXFileReference; includeInIndex = 1; lastKnownFileType = sourcecode.c.h; path = SFTutorialRootPresenter.h; sourceTree = "<group>"; };
		8FDE26677D12E5B889573CFD /* SFTutorialInteractor.m */ = {isa = PBXFileReference; includeInIndex = 1; lastKnownFileType = sourcecode.c.objc; path = SFTutorialInteractor.m; sourceTree = "<group>"; };
		964EDBA7D171FA58852D542F /* SFTutorialRootInteractorInput.h */ = {isa = PBXFileReference; includeInIndex = 1; lastKnownFileType = sourcecode.c.h; path = SFTutorialRootInteractorInput.h; sourceTree = "<group>"; };
		A277CCB9F423ABA992EFE624 /* SFTutorialAssembly.m */ = {isa = PBXFileReference; includeInIndex = 1; lastKnownFileType = sourcecode.c.objc; path = SFTutorialAssembly.m; sourceTree = "<group>"; };
		A8EE3755118F95EAAFDDE4CD /* SFTutorialInteractorInput.h */ = {isa = PBXFileReference; includeInIndex = 1; lastKnownFileType = sourcecode.c.h; path = SFTutorialInteractorInput.h; sourceTree = "<group>"; };
		B22207F2782A88531208821D /* SFTutorialAssembly.h */ = {isa = PBXFileReference; includeInIndex = 1; lastKnownFileType = sourcecode.c.h; path = SFTutorialAssembly.h; sourceTree = "<group>"; };
		B2B84FE1A0CA0347AD6E6602 /* SFTutorialViewController.m */ = {isa = PBXFileReference; includeInIndex = 1; lastKnownFileType = sourcecode.c.objc; path = SFTutorialViewController.m; sourceTree = "<group>"; };
		B8252E9D1EF21274619C9D40 /* SFTutorialRootAssembly.h */ = {isa = PBXFileReference; includeInIndex = 1; lastKnownFileType = sourcecode.c.h; path = SFTutorialRootAssembly.h; sourceTree = "<group>"; };
		BAA92F8F0D1300451C08F4D5 /* SFTutorialRootRouter.m */ = {isa = PBXFileReference; includeInIndex = 1; lastKnownFileType = sourcecode.c.objc; path = SFTutorialRootRouter.m; sourceTree = "<group>"; };
		BD05BC2CF426D0BD4E68181C /* SFTutorialRootViewController.m */ = {isa = PBXFileReference; includeInIndex = 1; lastKnownFileType = sourcecode.c.objc; path = SFTutorialRootViewController.m; sourceTree = "<group>"; };
		BF4DD4884CC57E686A8B085B /* SFTutorialRootPresenter.m */ = {isa = PBXFileReference; includeInIndex = 1; lastKnownFileType = sourcecode.c.objc; path = SFTutorialRootPresenter.m; sourceTree = "<group>"; };
		C1A8A95D581AB8ABF484A11F /* Pods-BAViperModules.release.xcconfig */ = {isa = PBXFileReference; includeInIndex = 1; lastKnownFileType = text.xcconfig; name = "Pods-BAViperModules.release.xcconfig"; path = "Pods/Target Support Files/Pods-BAViperModules/Pods-BAViperModules.release.xcconfig"; sourceTree = "<group>"; };
		CEC18C3853D8F0998FCBCA59 /* SFTutorialRootInteractorOutput.h */ = {isa = PBXFileReference; includeInIndex = 1; lastKnownFileType = sourcecode.c.h; path = SFTutorialRootInteractorOutput.h; sourceTree = "<group>"; };
		DE36AD78C0652BE65B5F9A0D /* SFTutorialViewInput.h */ = {isa = PBXFileReference; includeInIndex = 1; lastKnownFileType = sourcecode.c.h; path = SFTutorialViewInput.h; sourceTree = "<group>"; };
		F08EF2C2575D5035A2D77F48 /* SFTutorialRootInteractor.h */ = {isa = PBXFileReference; includeInIndex = 1; lastKnownFileType = sourcecode.c.h; path = SFTutorialRootInteractor.h; sourceTree = "<group>"; };
		F3B47DA8DE81BE20E4A839E9 /* SFTutorialViewController.h */ = {isa = PBXFileReference; includeInIndex = 1; lastKnownFileType = sourcecode.c.h; path = SFTutorialViewController.h; sourceTree = "<group>"; };
		F5C29AC243FCE45D1210DAC2 /* SFTutorialRootAssembly.m */ = {isa = PBXFileReference; includeInIndex = 1; lastKnownFileType = sourcecode.c.objc; path = SFTutorialRootAssembly.m; sourceTree = "<group>"; };
/* End PBXFileReference section */

/* Begin PBXFrameworksBuildPhase section */
		55FDB5D81DA9800E005FE8D4 /* Frameworks */ = {
			isa = PBXFrameworksBuildPhase;
			buildActionMask = 2147483647;
			files = (
				63E9DD153BB7FAA538A5AD5D /* libPods-BAViperModules.a in Frameworks */,
			);
			runOnlyForDeploymentPostprocessing = 0;
		};
/* End PBXFrameworksBuildPhase section */

/* Begin PBXGroup section */
		02D32A9DEF95D7D7F0286702 /* Presenter */ = {
			isa = PBXGroup;
			children = (
				2789F91F740DD8EF42A3F011 /* SFTutorialRootModuleInput.h */,
				8F85D5992BEAE953A1C79AFF /* SFTutorialRootPresenter.h */,
				BF4DD4884CC57E686A8B085B /* SFTutorialRootPresenter.m */,
			);
			path = Presenter;
			sourceTree = "<group>";
		};
		0D4F613696D414337A0E48EF /* VIPER */ = {
			isa = PBXGroup;
			children = (
				18F8B7477EFE0FD786331549 /* TutorialRoot */,
				B13B3E1D801BBC2EAFAF4340 /* Tutorial */,
				55D1E1D21DAA6C0A00946301 /* SFTutorialPageViewController.h */,
				55D1E1D31DAA6C0A00946301 /* SFTutorialPageViewController.m */,
			);
			path = VIPER;
			sourceTree = "<group>";
		};
		18F8B7477EFE0FD786331549 /* TutorialRoot */ = {
			isa = PBXGroup;
			children = (
				C7F384F5639A70A4B99893F7 /* Assembly */,
				7A900170EA586495FF82A208 /* View */,
				02D32A9DEF95D7D7F0286702 /* Presenter */,
				863233732665EDFB0DD6BDBE /* Interactor */,
				4AA1AC595F754E1FC24299B2 /* Router */,
			);
			name = TutorialRoot;
			path = TitorialRoot;
			sourceTree = "<group>";
		};
		4AA1AC595F754E1FC24299B2 /* Router */ = {
			isa = PBXGroup;
			children = (
				15E6D9DE816DBC4B1AB44127 /* SFTutorialRootRouterInput.h */,
				228ED690D8EC1B612F5E95B7 /* SFTutorialRootRouter.h */,
				BAA92F8F0D1300451C08F4D5 /* SFTutorialRootRouter.m */,
			);
			path = Router;
			sourceTree = "<group>";
		};
		55FDB5D21DA9800E005FE8D4 = {
			isa = PBXGroup;
			children = (
				55FDB5DD1DA9800E005FE8D4 /* BAViperModules */,
				55FDB5DC1DA9800E005FE8D4 /* Products */,
				91A0C5E49D50306B2A26404C /* Pods */,
				A9CA3DFBEA07D4656D306D60 /* Frameworks */,
				0D4F613696D414337A0E48EF /* VIPER */,
			);
			sourceTree = "<group>";
		};
		55FDB5DC1DA9800E005FE8D4 /* Products */ = {
			isa = PBXGroup;
			children = (
				55FDB5DB1DA9800E005FE8D4 /* BAViperModules.app */,
			);
			name = Products;
			sourceTree = "<group>";
		};
		55FDB5DD1DA9800E005FE8D4 /* BAViperModules */ = {
			isa = PBXGroup;
			children = (
				55FDB5E11DA9800E005FE8D4 /* AppDelegate.h */,
				55FDB5E21DA9800E005FE8D4 /* AppDelegate.m */,
				55D1E1D51DAA6CF900946301 /* SFButton.h */,
				55D1E1D61DAA6CF900946301 /* SFButton.m */,
				55FDB5E71DA9800E005FE8D4 /* Main.storyboard */,
				55FDB5EA1DA9800E005FE8D4 /* Assets.xcassets */,
				55FDB5EC1DA9800E005FE8D4 /* LaunchScreen.storyboard */,
				55FDB5EF1DA9800E005FE8D4 /* Info.plist */,
				55FDB5DE1DA9800E005FE8D4 /* Supporting Files */,
			);
			path = BAViperModules;
			sourceTree = "<group>";
		};
		55FDB5DE1DA9800E005FE8D4 /* Supporting Files */ = {
			isa = PBXGroup;
			children = (
				55FDB5DF1DA9800E005FE8D4 /* main.m */,
			);
			name = "Supporting Files";
			sourceTree = "<group>";
		};
		7A900170EA586495FF82A208 /* View */ = {
			isa = PBXGroup;
			children = (
				77882243B18A69E5C716AF25 /* SFTutorialRootViewInput.h */,
				56D0A49BABFD09B236EE9991 /* SFTutorialRootViewOutput.h */,
				76B3276195F759F597240D47 /* SFTutorialRootViewController.h */,
				BD05BC2CF426D0BD4E68181C /* SFTutorialRootViewController.m */,
			);
			path = View;
			sourceTree = "<group>";
		};
		81A1DFB995E46E7702DE7F0C /* Interactor */ = {
			isa = PBXGroup;
			children = (
				A8EE3755118F95EAAFDDE4CD /* SFTutorialInteractorInput.h */,
				115706124A00FDF28EC75C7A /* SFTutorialInteractorOutput.h */,
				2C672FAB854769F83EECECAC /* SFTutorialInteractor.h */,
				8FDE26677D12E5B889573CFD /* SFTutorialInteractor.m */,
			);
			path = Interactor;
			sourceTree = "<group>";
		};
		863233732665EDFB0DD6BDBE /* Interactor */ = {
			isa = PBXGroup;
			children = (
				964EDBA7D171FA58852D542F /* SFTutorialRootInteractorInput.h */,
				CEC18C3853D8F0998FCBCA59 /* SFTutorialRootInteractorOutput.h */,
				F08EF2C2575D5035A2D77F48 /* SFTutorialRootInteractor.h */,
				7B81751C3D842639DCC91C85 /* SFTutorialRootInteractor.m */,
			);
			path = Interactor;
			sourceTree = "<group>";
		};
		8B625C8B735B225094EAF82D /* Assembly */ = {
			isa = PBXGroup;
			children = (
				B22207F2782A88531208821D /* SFTutorialAssembly.h */,
				A277CCB9F423ABA992EFE624 /* SFTutorialAssembly.m */,
			);
			path = Assembly;
			sourceTree = "<group>";
		};
		91A0C5E49D50306B2A26404C /* Pods */ = {
			isa = PBXGroup;
			children = (
				01A1C3D663088A1A3D002D3E /* Pods-BAViperModules.debug.xcconfig */,
				C1A8A95D581AB8ABF484A11F /* Pods-BAViperModules.release.xcconfig */,
			);
			name = Pods;
			sourceTree = "<group>";
		};
		A9CA3DFBEA07D4656D306D60 /* Frameworks */ = {
			isa = PBXGroup;
			children = (
				735CF8D68EC67C41EC8B06A1 /* libPods-BAViperModules.a */,
			);
			name = Frameworks;
			sourceTree = "<group>";
		};
		B13B3E1D801BBC2EAFAF4340 /* Tutorial */ = {
			isa = PBXGroup;
			children = (
				8B625C8B735B225094EAF82D /* Assembly */,
				EA7F57C097469349FBFD2751 /* View */,
				D8C9867E84C8644352D3D5F9 /* Presenter */,
				81A1DFB995E46E7702DE7F0C /* Interactor */,
				BEBB4392704D88A63A317F86 /* Router */,
			);
			name = Tutorial;
			path = Titorial;
			sourceTree = "<group>";
		};
		BEBB4392704D88A63A317F86 /* Router */ = {
			isa = PBXGroup;
			children = (
				46C8859D3BEE3D4FC5F6941A /* SFTutorialRouterInput.h */,
				3D74DFB97396A04B10AE4692 /* SFTutorialRouter.h */,
				87697AB0E6F95525380806F7 /* SFTutorialRouter.m */,
			);
			path = Router;
			sourceTree = "<group>";
		};
		C7F384F5639A70A4B99893F7 /* Assembly */ = {
			isa = PBXGroup;
			children = (
				B8252E9D1EF21274619C9D40 /* SFTutorialRootAssembly.h */,
				F5C29AC243FCE45D1210DAC2 /* SFTutorialRootAssembly.m */,
			);
			path = Assembly;
			sourceTree = "<group>";
		};
		D8C9867E84C8644352D3D5F9 /* Presenter */ = {
			isa = PBXGroup;
			children = (
				4E63989F30D1ABF48AFCB3E0 /* SFTutorialModuleInput.h */,
				55BA36491DAA9E610068D274 /* SFTutorialModuleOutput.h */,
				596F43CE054475EF76ACFC47 /* SFTutorialPresenter.h */,
				80116A4CE66443A8249EA62F /* SFTutorialPresenter.m */,
			);
			path = Presenter;
			sourceTree = "<group>";
		};
		EA7F57C097469349FBFD2751 /* View */ = {
			isa = PBXGroup;
			children = (
				DE36AD78C0652BE65B5F9A0D /* SFTutorialViewInput.h */,
				37132660FB56889129A61DD8 /* SFTutorialViewOutput.h */,
				F3B47DA8DE81BE20E4A839E9 /* SFTutorialViewController.h */,
				B2B84FE1A0CA0347AD6E6602 /* SFTutorialViewController.m */,
			);
			path = View;
			sourceTree = "<group>";
		};
/* End PBXGroup section */

/* Begin PBXNativeTarget section */
		55FDB5DA1DA9800E005FE8D4 /* BAViperModules */ = {
			isa = PBXNativeTarget;
			buildConfigurationList = 55FDB5F21DA9800E005FE8D4 /* Build configuration list for PBXNativeTarget "BAViperModules" */;
			buildPhases = (
				60796029025C2B96A8D6D1E2 /* [CP] Check Pods Manifest.lock */,
				55FDB5D71DA9800E005FE8D4 /* Sources */,
				55FDB5D81DA9800E005FE8D4 /* Frameworks */,
				55FDB5D91DA9800E005FE8D4 /* Resources */,
				D629CA4E38A8C5126B47B012 /* [CP] Embed Pods Frameworks */,
				4B90BC46A38E6FB35CCDF6F8 /* [CP] Copy Pods Resources */,
			);
			buildRules = (
			);
			dependencies = (
			);
			name = BAViperModules;
			productName = BAViperModules;
			productReference = 55FDB5DB1DA9800E005FE8D4 /* BAViperModules.app */;
			productType = "com.apple.product-type.application";
		};
/* End PBXNativeTarget section */

/* Begin PBXProject section */
		55FDB5D31DA9800E005FE8D4 /* Project object */ = {
			isa = PBXProject;
			attributes = {
				LastUpgradeCheck = 0800;
				ORGANIZATIONNAME = ImproveDigital;
				TargetAttributes = {
					55FDB5DA1DA9800E005FE8D4 = {
						CreatedOnToolsVersion = 8.0;
						DevelopmentTeam = DY455438XE;
						ProvisioningStyle = Automatic;
					};
				};
			};
			buildConfigurationList = 55FDB5D61DA9800E005FE8D4 /* Build configuration list for PBXProject "BAViperModules" */;
			compatibilityVersion = "Xcode 3.2";
			developmentRegion = English;
			hasScannedForEncodings = 0;
			knownRegions = (
				en,
				Base,
			);
			mainGroup = 55FDB5D21DA9800E005FE8D4;
			productRefGroup = 55FDB5DC1DA9800E005FE8D4 /* Products */;
			projectDirPath = "";
			projectRoot = "";
			targets = (
				55FDB5DA1DA9800E005FE8D4 /* BAViperModules */,
			);
		};
/* End PBXProject section */

/* Begin PBXResourcesBuildPhase section */
		55FDB5D91DA9800E005FE8D4 /* Resources */ = {
			isa = PBXResourcesBuildPhase;
			buildActionMask = 2147483647;
			files = (
				55FDB5EE1DA9800E005FE8D4 /* LaunchScreen.storyboard in Resources */,
				55FDB5EB1DA9800E005FE8D4 /* Assets.xcassets in Resources */,
				55FDB5E91DA9800E005FE8D4 /* Main.storyboard in Resources */,
			);
			runOnlyForDeploymentPostprocessing = 0;
		};
/* End PBXResourcesBuildPhase section */

/* Begin PBXShellScriptBuildPhase section */
		4B90BC46A38E6FB35CCDF6F8 /* [CP] Copy Pods Resources */ = {
			isa = PBXShellScriptBuildPhase;
			buildActionMask = 2147483647;
			files = (
			);
			inputPaths = (
			);
			name = "[CP] Copy Pods Resources";
			outputPaths = (
			);
			runOnlyForDeploymentPostprocessing = 0;
			shellPath = /bin/sh;
			shellScript = "\"${SRCROOT}/Pods/Target Support Files/Pods-BAViperModules/Pods-BAViperModules-resources.sh\"\n";
			showEnvVarsInLog = 0;
		};
		60796029025C2B96A8D6D1E2 /* [CP] Check Pods Manifest.lock */ = {
			isa = PBXShellScriptBuildPhase;
			buildActionMask = 2147483647;
			files = (
			);
			inputPaths = (
			);
			name = "[CP] Check Pods Manifest.lock";
			outputPaths = (
			);
			runOnlyForDeploymentPostprocessing = 0;
			shellPath = /bin/sh;
			shellScript = "diff \"${PODS_ROOT}/../Podfile.lock\" \"${PODS_ROOT}/Manifest.lock\" > /dev/null\nif [[ $? != 0 ]] ; then\n    cat << EOM\nerror: The sandbox is not in sync with the Podfile.lock. Run 'pod install' or update your CocoaPods installation.\nEOM\n    exit 1\nfi\n";
			showEnvVarsInLog = 0;
		};
		D629CA4E38A8C5126B47B012 /* [CP] Embed Pods Frameworks */ = {
			isa = PBXShellScriptBuildPhase;
			buildActionMask = 2147483647;
			files = (
			);
			inputPaths = (
			);
			name = "[CP] Embed Pods Frameworks";
			outputPaths = (
			);
			runOnlyForDeploymentPostprocessing = 0;
			shellPath = /bin/sh;
			shellScript = "\"${SRCROOT}/Pods/Target Support Files/Pods-BAViperModules/Pods-BAViperModules-frameworks.sh\"\n";
			showEnvVarsInLog = 0;
		};
/* End PBXShellScriptBuildPhase section */

/* Begin PBXSourcesBuildPhase section */
		55FDB5D71DA9800E005FE8D4 /* Sources */ = {
			isa = PBXSourcesBuildPhase;
			buildActionMask = 2147483647;
			files = (
				55FDB5E31DA9800E005FE8D4 /* AppDelegate.m in Sources */,
				55FDB5E01DA9800E005FE8D4 /* main.m in Sources */,
				4B4D4F17587F379FE0986B4E /* SFTutorialRootAssembly.m in Sources */,
				FBD16D39BE11BB666B9E53A3 /* SFTutorialRootViewController.m in Sources */,
				D2680C60F90C40D7745F3ED5 /* SFTutorialRootPresenter.m in Sources */,
				5513A09AC60EA22F820405B1 /* SFTutorialRootInteractor.m in Sources */,
				4AEFBB78EC49265DAF69ED35 /* SFTutorialRootRouter.m in Sources */,
				55D1E1D41DAA6C0A00946301 /* SFTutorialPageViewController.m in Sources */,
				C37AD273BF6FEC4879C611A7 /* SFTutorialAssembly.m in Sources */,
				5726FA0A206B5102E7CC2FB2 /* SFTutorialViewController.m in Sources */,
				3976D4EDB0CFCBBEF923434A /* SFTutorialPresenter.m in Sources */,
				34C8303FFB3538F6E7AAF651 /* SFTutorialInteractor.m in Sources */,
				55D1E1D71DAA6CF900946301 /* SFButton.m in Sources */,
				D588F5FD4B3EEFBEF47D8A82 /* SFTutorialRouter.m in Sources */,
			);
			runOnlyForDeploymentPostprocessing = 0;
		};
/* End PBXSourcesBuildPhase section */

/* Begin PBXVariantGroup section */
		55FDB5E71DA9800E005FE8D4 /* Main.storyboard */ = {
			isa = PBXVariantGroup;
			children = (
				55FDB5E81DA9800E005FE8D4 /* Base */,
			);
			name = Main.storyboard;
			sourceTree = "<group>";
		};
		55FDB5EC1DA9800E005FE8D4 /* LaunchScreen.storyboard */ = {
			isa = PBXVariantGroup;
			children = (
				55FDB5ED1DA9800E005FE8D4 /* Base */,
			);
			name = LaunchScreen.storyboard;
			sourceTree = "<group>";
		};
/* End PBXVariantGroup section */

/* Begin XCBuildConfiguration section */
		55FDB5F01DA9800E005FE8D4 /* Debug */ = {
			isa = XCBuildConfiguration;
			buildSettings = {
				ALWAYS_SEARCH_USER_PATHS = NO;
				CLANG_ANALYZER_NONNULL = YES;
				CLANG_CXX_LANGUAGE_STANDARD = "gnu++0x";
				CLANG_CXX_LIBRARY = "libc++";
				CLANG_ENABLE_MODULES = YES;
				CLANG_ENABLE_OBJC_ARC = YES;
				CLANG_WARN_BOOL_CONVERSION = YES;
				CLANG_WARN_CONSTANT_CONVERSION = YES;
				CLANG_WARN_DIRECT_OBJC_ISA_USAGE = YES_ERROR;
				CLANG_WARN_DOCUMENTATION_COMMENTS = YES;
				CLANG_WARN_EMPTY_BODY = YES;
				CLANG_WARN_ENUM_CONVERSION = YES;
				CLANG_WARN_INFINITE_RECURSION = YES;
				CLANG_WARN_INT_CONVERSION = YES;
				CLANG_WARN_OBJC_ROOT_CLASS = YES_ERROR;
				CLANG_WARN_SUSPICIOUS_MOVE = YES;
				CLANG_WARN_SUSPICIOUS_MOVES = YES;
				CLANG_WARN_UNREACHABLE_CODE = YES;
				CLANG_WARN__DUPLICATE_METHOD_MATCH = YES;
				"CODE_SIGN_IDENTITY[sdk=iphoneos*]" = "iPhone Developer";
				COPY_PHASE_STRIP = NO;
				DEBUG_INFORMATION_FORMAT = dwarf;
				ENABLE_STRICT_OBJC_MSGSEND = YES;
				ENABLE_TESTABILITY = YES;
				GCC_C_LANGUAGE_STANDARD = gnu99;
				GCC_DYNAMIC_NO_PIC = NO;
				GCC_NO_COMMON_BLOCKS = YES;
				GCC_OPTIMIZATION_LEVEL = 0;
				GCC_PREPROCESSOR_DEFINITIONS = (
					"DEBUG=1",
					"$(inherited)",
				);
				GCC_WARN_64_TO_32_BIT_CONVERSION = YES;
				GCC_WARN_ABOUT_RETURN_TYPE = YES_ERROR;
				GCC_WARN_UNDECLARED_SELECTOR = YES;
				GCC_WARN_UNINITIALIZED_AUTOS = YES_AGGRESSIVE;
				GCC_WARN_UNUSED_FUNCTION = YES;
				GCC_WARN_UNUSED_VARIABLE = YES;
				IPHONEOS_DEPLOYMENT_TARGET = 10.0;
				MTL_ENABLE_DEBUG_INFO = YES;
				ONLY_ACTIVE_ARCH = YES;
				SDKROOT = iphoneos;
				TARGETED_DEVICE_FAMILY = "1,2";
			};
			name = Debug;
		};
		55FDB5F11DA9800E005FE8D4 /* Release */ = {
			isa = XCBuildConfiguration;
			buildSettings = {
				ALWAYS_SEARCH_USER_PATHS = NO;
				CLANG_ANALYZER_NONNULL = YES;
				CLANG_CXX_LANGUAGE_STANDARD = "gnu++0x";
				CLANG_CXX_LIBRARY = "libc++";
				CLANG_ENABLE_MODULES = YES;
				CLANG_ENABLE_OBJC_ARC = YES;
				CLANG_WARN_BOOL_CONVERSION = YES;
				CLANG_WARN_CONSTANT_CONVERSION = YES;
				CLANG_WARN_DIRECT_OBJC_ISA_USAGE = YES_ERROR;
				CLANG_WARN_DOCUMENTATION_COMMENTS = YES;
				CLANG_WARN_EMPTY_BODY = YES;
				CLANG_WARN_ENUM_CONVERSION = YES;
				CLANG_WARN_INFINITE_RECURSION = YES;
				CLANG_WARN_INT_CONVERSION = YES;
				CLANG_WARN_OBJC_ROOT_CLASS = YES_ERROR;
				CLANG_WARN_SUSPICIOUS_MOVE = YES;
				CLANG_WARN_SUSPICIOUS_MOVES = YES;
				CLANG_WARN_UNREACHABLE_CODE = YES;
				CLANG_WARN__DUPLICATE_METHOD_MATCH = YES;
				"CODE_SIGN_IDENTITY[sdk=iphoneos*]" = "iPhone Developer";
				COPY_PHASE_STRIP = NO;
				DEBUG_INFORMATION_FORMAT = "dwarf-with-dsym";
				ENABLE_NS_ASSERTIONS = NO;
				ENABLE_STRICT_OBJC_MSGSEND = YES;
				GCC_C_LANGUAGE_STANDARD = gnu99;
				GCC_NO_COMMON_BLOCKS = YES;
				GCC_WARN_64_TO_32_BIT_CONVERSION = YES;
				GCC_WARN_ABOUT_RETURN_TYPE = YES_ERROR;
				GCC_WARN_UNDECLARED_SELECTOR = YES;
				GCC_WARN_UNINITIALIZED_AUTOS = YES_AGGRESSIVE;
				GCC_WARN_UNUSED_FUNCTION = YES;
				GCC_WARN_UNUSED_VARIABLE = YES;
				IPHONEOS_DEPLOYMENT_TARGET = 10.0;
				MTL_ENABLE_DEBUG_INFO = NO;
				SDKROOT = iphoneos;
				TARGETED_DEVICE_FAMILY = "1,2";
				VALIDATE_PRODUCT = YES;
			};
			name = Release;
		};
		55FDB5F31DA9800E005FE8D4 /* Debug */ = {
			isa = XCBuildConfiguration;
			baseConfigurationReference = 01A1C3D663088A1A3D002D3E /* Pods-BAViperModules.debug.xcconfig */;
			buildSettings = {
				ASSETCATALOG_COMPILER_APPICON_NAME = AppIcon;
				DEVELOPMENT_TEAM = DY455438XE;
				INFOPLIST_FILE = BAViperModules/Info.plist;
				LD_RUNPATH_SEARCH_PATHS = "$(inherited) @executable_path/Frameworks";
				PRODUCT_BUNDLE_IDENTIFIER = ru.BAViperModules;
				PRODUCT_NAME = "$(TARGET_NAME)";
			};
			name = Debug;
		};
		55FDB5F41DA9800E005FE8D4 /* Release */ = {
			isa = XCBuildConfiguration;
			baseConfigurationReference = C1A8A95D581AB8ABF484A11F /* Pods-BAViperModules.release.xcconfig */;
			buildSettings = {
				ASSETCATALOG_COMPILER_APPICON_NAME = AppIcon;
				DEVELOPMENT_TEAM = DY455438XE;
				INFOPLIST_FILE = BAViperModules/Info.plist;
				LD_RUNPATH_SEARCH_PATHS = "$(inherited) @executable_path/Frameworks";
				PRODUCT_BUNDLE_IDENTIFIER = ru.BAViperModules;
				PRODUCT_NAME = "$(TARGET_NAME)";
			};
			name = Release;
		};
/* End XCBuildConfiguration section */

/* Begin XCConfigurationList section */
		55FDB5D61DA9800E005FE8D4 /* Build configuration list for PBXProject "BAViperModules" */ = {
			isa = XCConfigurationList;
			buildConfigurations = (
				55FDB5F01DA9800E005FE8D4 /* Debug */,
				55FDB5F11DA9800E005FE8D4 /* Release */,
			);
			defaultConfigurationIsVisible = 0;
			defaultConfigurationName = Release;
		};
		55FDB5F21DA9800E005FE8D4 /* Build configuration list for PBXNativeTarget "BAViperModules" */ = {
			isa = XCConfigurationList;
			buildConfigurations = (
				55FDB5F31DA9800E005FE8D4 /* Debug */,
				55FDB5F41DA9800E005FE8D4 /* Release */,
			);
			defaultConfigurationIsVisible = 0;
			defaultConfigurationName = Release;
		};
/* End XCConfigurationList section */
	};
	rootObject = 55FDB5D31DA9800E005FE8D4 /* Project object */;
}
